
Microsoft Visual Studio Solution File, Format Version 12.00
# Visual Studio Version 17
VisualStudioVersion = 17.2.32630.192
MinimumVisualStudioVersion = 10.0.40219.1
Project("{9A19103F-16F7-4668-BE54-9A1E7A4F7556}") = "WEBPresentationLayer", "WEBPresentationLayer\WEBPresentationLayer.csproj", "{BB141F8D-55ED-41CC-9427-27E268B073DE}"
EndProject
Project("{FAE04EC0-301F-11D3-BF4B-00C04F79EFBC}") = "DataAccessLayer", "DataAccessLayer\DataAccessLayer.csproj", "{75AF51E0-E436-457D-AAD0-474233033916}"
EndProject
Project("{FAE04EC0-301F-11D3-BF4B-00C04F79EFBC}") = "BusinessLogicalLayer", "BusinessLogicalLayer\BusinessLogicalLayer.csproj", "{91BC7A67-52E7-40E0-AAC9-DD474B680431}"
EndProject
Project("{FAE04EC0-301F-11D3-BF4B-00C04F79EFBC}") = "Entities", "Entities\Entities.csproj", "{3F0D9CE2-B0AC-43D2-8F0A-1F0B046D4CFF}"
EndProject
Project("{FAE04EC0-301F-11D3-BF4B-00C04F79EFBC}") = "Shared", "Shared\Shared.csproj", "{52D5D112-C9D8-4E12-9012-04821146A91B}"
EndProject
Global
	GlobalSection(SolutionConfigurationPlatforms) = preSolution
		Debug|Any CPU = Debug|Any CPU
		Release|Any CPU = Release|Any CPU
	EndGlobalSection
	GlobalSection(ProjectConfigurationPlatforms) = postSolution
		{BB141F8D-55ED-41CC-9427-27E268B073DE}.Debug|Any CPU.ActiveCfg = Debug|Any CPU
		{BB141F8D-55ED-41CC-9427-27E268B073DE}.Debug|Any CPU.Build.0 = Debug|Any CPU
		{BB141F8D-55ED-41CC-9427-27E268B073DE}.Release|Any CPU.ActiveCfg = Release|Any CPU
		{BB141F8D-55ED-41CC-9427-27E268B073DE}.Release|Any CPU.Build.0 = Release|Any CPU
		{75AF51E0-E436-457D-AAD0-474233033916}.Debug|Any CPU.ActiveCfg = Debug|Any CPU
		{75AF51E0-E436-457D-AAD0-474233033916}.Debug|Any CPU.Build.0 = Debug|Any CPU
		{75AF51E0-E436-457D-AAD0-474233033916}.Release|Any CPU.ActiveCfg = Release|Any CPU
		{75AF51E0-E436-457D-AAD0-474233033916}.Release|Any CPU.Build.0 = Release|Any CPU
		{91BC7A67-52E7-40E0-AAC9-DD474B680431}.Debug|Any CPU.ActiveCfg = Debug|Any CPU
		{91BC7A67-52E7-40E0-AAC9-DD474B680431}.Debug|Any CPU.Build.0 = Debug|Any CPU
		{91BC7A67-52E7-40E0-AAC9-DD474B680431}.Release|Any CPU.ActiveCfg = Release|Any CPU
		{91BC7A67-52E7-40E0-AAC9-DD474B680431}.Release|Any CPU.Build.0 = Release|Any CPU
		{3F0D9CE2-B0AC-43D2-8F0A-1F0B046D4CFF}.Debug|Any CPU.ActiveCfg = Debug|Any CPU
		{3F0D9CE2-B0AC-43D2-8F0A-1F0B046D4CFF}.Debug|Any CPU.Build.0 = Debug|Any CPU
		{3F0D9CE2-B0AC-43D2-8F0A-1F0B046D4CFF}.Release|Any CPU.ActiveCfg = Release|Any CPU
		{3F0D9CE2-B0AC-43D2-8F0A-1F0B046D4CFF}.Release|Any CPU.Build.0 = Release|Any CPU
		{52D5D112-C9D8-4E12-9012-04821146A91B}.Debug|Any CPU.ActiveCfg = Debug|Any CPU
		{52D5D112-C9D8-4E12-9012-04821146A91B}.Debug|Any CPU.Build.0 = Debug|Any CPU
		{52D5D112-C9D8-4E12-9012-04821146A91B}.Release|Any CPU.ActiveCfg = Release|Any CPU
		{52D5D112-C9D8-4E12-9012-04821146A91B}.Release|Any CPU.Build.0 = Release|Any CPU
	EndGlobalSection
	GlobalSection(SolutionProperties) = preSolution
		HideSolutionNode = FALSE
	EndGlobalSection
	GlobalSection(ExtensibilityGlobals) = postSolution
		SolutionGuid = {A1F20053-E96B-42DE-BABD-0892AEBB6564}
	EndGlobalSection
EndGlobal
